
Microsoft Visual Studio Solution File, Format Version 12.00
# Visual Studio Version 16
VisualStudioVersion = 16.0.32228.343
MinimumVisualStudioVersion = 10.0.40219.1
Project("{FAE04EC0-301F-11D3-BF4B-00C04F79EFBC}") = "eClerx.ADO.NET.Day14", "eClerx.ADO.NET.Day14\eClerx.ADO.NET.Day14.csproj", "{14EA3F86-4B62-4073-B977-3CD1CBE3B73C}"
EndProject
Global
	GlobalSection(SolutionConfigurationPlatforms) = preSolution
		Debug|Any CPU = Debug|Any CPU
		Release|Any CPU = Release|Any CPU
	EndGlobalSection
	GlobalSection(ProjectConfigurationPlatforms) = postSolution
		{14EA3F86-4B62-4073-B977-3CD1CBE3B73C}.Debug|Any CPU.ActiveCfg = Debug|Any CPU
		{14EA3F86-4B62-4073-B977-3CD1CBE3B73C}.Debug|Any CPU.Build.0 = Debug|Any CPU
		{14EA3F86-4B62-4073-B977-3CD1CBE3B73C}.Release|Any CPU.ActiveCfg = Release|Any CPU
		{14EA3F86-4B62-4073-B977-3CD1CBE3B73C}.Release|Any CPU.Build.0 = Release|Any CPU
	EndGlobalSection
	GlobalSection(SolutionProperties) = preSolution
		HideSolutionNode = FALSE
	EndGlobalSection
	GlobalSection(ExtensibilityGlobals) = postSolution
		SolutionGuid = {D5E0CA26-6567-4619-95E1-97FF8A3B8C30}
	EndGlobalSection
EndGlobal
